// !$*UTF8*$!
{
	archiveVersion = 1;
	classes = {
	};
	objectVersion = 46;
	objects = {

/* Begin PBXBuildFile section */
		7D0543F71DD7B9CF00AABC33 /* StudentAddress.swift in Sources */ = {isa = PBXBuildFile; fileRef = 7D0543F61DD7B9CF00AABC33 /* StudentAddress.swift */; };
		7D0543F91DD7FA6D00AABC33 /* SwitchLoginViewController.swift in Sources */ = {isa = PBXBuildFile; fileRef = 7D0543F81DD7FA6D00AABC33 /* SwitchLoginViewController.swift */; };
		7D07FF971DFFA60D003BCAEA /* RoleSelectionController.swift in Sources */ = {isa = PBXBuildFile; fileRef = 7D07FF961DFFA60D003BCAEA /* RoleSelectionController.swift */; };
		7D07FF991DFFB8EC003BCAEA /* DriverLoginController.swift in Sources */ = {isa = PBXBuildFile; fileRef = 7D07FF981DFFB8EC003BCAEA /* DriverLoginController.swift */; };
		7D07FF9B1DFFB910003BCAEA /* DriverProfileController.swift in Sources */ = {isa = PBXBuildFile; fileRef = 7D07FF9A1DFFB910003BCAEA /* DriverProfileController.swift */; };
		7D07FF9D1DFFB930003BCAEA /* DriverScheduleController.swift in Sources */ = {isa = PBXBuildFile; fileRef = 7D07FF9C1DFFB930003BCAEA /* DriverScheduleController.swift */; };
		7D07FF9F1DFFF37D003BCAEA /* DriverScheduleCell.swift in Sources */ = {isa = PBXBuildFile; fileRef = 7D07FF9E1DFFF37D003BCAEA /* DriverScheduleCell.swift */; };
		7D154E0D1DD805F200A6AA45 /* SignUpController.swift in Sources */ = {isa = PBXBuildFile; fileRef = 7D154E0C1DD805F200A6AA45 /* SignUpController.swift */; };
		7D15B51E1DDE0F370082C1AD /* ScheduleCell.swift in Sources */ = {isa = PBXBuildFile; fileRef = 7D15B51D1DDE0F370082C1AD /* ScheduleCell.swift */; };
		7D4BBAC31DB5CF7D00571C6A /* ProfileController.swift in Sources */ = {isa = PBXBuildFile; fileRef = 7D4BBAC21DB5CF7D00571C6A /* ProfileController.swift */; };
		7D4BBAC51DB6462000571C6A /* ScheduleController.swift in Sources */ = {isa = PBXBuildFile; fileRef = 7D4BBAC41DB6462000571C6A /* ScheduleController.swift */; };
		7D4BBAC71DB67C5E00571C6A /* StudentsListController.swift in Sources */ = {isa = PBXBuildFile; fileRef = 7D4BBAC61DB67C5E00571C6A /* StudentsListController.swift */; };
		7D55CF291DF49995007DE621 /* Reservation.swift in Sources */ = {isa = PBXBuildFile; fileRef = 7D55CF281DF49995007DE621 /* Reservation.swift */; };
		7D55D87D1DE7E927005D84B5 /* Schedule.swift in Sources */ = {isa = PBXBuildFile; fileRef = 7D55D87C1DE7E927005D84B5 /* Schedule.swift */; };
		7D55D87F1DE7EA0A005D84B5 /* Driver.swift in Sources */ = {isa = PBXBuildFile; fileRef = 7D55D87E1DE7EA0A005D84B5 /* Driver.swift */; };
		7D6E284F1DDA99620094A024 /* UserInterface.swift in Sources */ = {isa = PBXBuildFile; fileRef = 7D6E284E1DDA99620094A024 /* UserInterface.swift */; };
		7D83656B1DDAB8AA00D64E1A /* Enum.swift in Sources */ = {isa = PBXBuildFile; fileRef = 7D83656A1DDAB8AA00D64E1A /* Enum.swift */; };
		7D8B81DD1DDE1B8200C47D78 /* StudentCell.swift in Sources */ = {isa = PBXBuildFile; fileRef = 7D8B81DC1DDE1B8200C47D78 /* StudentCell.swift */; };
		7D9541A81DD8028000489BFE /* NortheasternLogo.jpg in Resources */ = {isa = PBXBuildFile; fileRef = 7D9541A71DD8028000489BFE /* NortheasternLogo.jpg */; };
		7D9E9FA31DD81CBF00306088 /* CustomUI.swift in Sources */ = {isa = PBXBuildFile; fileRef = 7D9E9FA21DD81CBF00306088 /* CustomUI.swift */; };
		7DA0EB5E1DB5BA87008BAEF8 /* Contants.swift in Sources */ = {isa = PBXBuildFile; fileRef = 7DA0EB5D1DB5BA87008BAEF8 /* Contants.swift */; };
		7DC72F961DDE3CB900326B00 /* Extensions.swift in Sources */ = {isa = PBXBuildFile; fileRef = 7DC72F951DDE3CB900326B00 /* Extensions.swift */; };
		7DC7B3951DE750260065B91F /* ItineraryController.swift in Sources */ = {isa = PBXBuildFile; fileRef = 7DC7B3941DE750260065B91F /* ItineraryController.swift */; };
		7DF7DE3C1DB59CC00083AC91 /* AppDelegate.swift in Sources */ = {isa = PBXBuildFile; fileRef = 7DF7DE3B1DB59CC00083AC91 /* AppDelegate.swift */; };
		7DF7DE3E1DB59CC00083AC91 /* LoginController.swift in Sources */ = {isa = PBXBuildFile; fileRef = 7DF7DE3D1DB59CC00083AC91 /* LoginController.swift */; };
		7DF7DE411DB59CC00083AC91 /* Main.storyboard in Resources */ = {isa = PBXBuildFile; fileRef = 7DF7DE3F1DB59CC00083AC91 /* Main.storyboard */; };
		7DF7DE431DB59CC00083AC91 /* Assets.xcassets in Resources */ = {isa = PBXBuildFile; fileRef = 7DF7DE421DB59CC00083AC91 /* Assets.xcassets */; };
		7DF7DE461DB59CC00083AC91 /* LaunchScreen.storyboard in Resources */ = {isa = PBXBuildFile; fileRef = 7DF7DE441DB59CC00083AC91 /* LaunchScreen.storyboard */; };
		7DF7DE511DB59D3D0083AC91 /* Student.swift in Sources */ = {isa = PBXBuildFile; fileRef = 7DF7DE501DB59D3D0083AC91 /* Student.swift */; };
		7DF7DE531DB59F270083AC91 /* Shuttle.swift in Sources */ = {isa = PBXBuildFile; fileRef = 7DF7DE521DB59F270083AC91 /* Shuttle.swift */; };
		7DF7DE551DB5A8CE0083AC91 /* GoogleService-Info.plist in Resources */ = {isa = PBXBuildFile; fileRef = 7DF7DE541DB5A8CE0083AC91 /* GoogleService-Info.plist */; };
		F7AADE9C951E673F7D0A073A /* Pods_RedEye.framework in Frameworks */ = {isa = PBXBuildFile; fileRef = CE8C6C291546492F99357A8C /* Pods_RedEye.framework */; };
/* End PBXBuildFile section */

/* Begin PBXFileReference section */
		62BAA6325116425D4047DC01 /* Pods-RedEye.debug.xcconfig */ = {isa = PBXFileReference; includeInIndex = 1; lastKnownFileType = text.xcconfig; name = "Pods-RedEye.debug.xcconfig"; path = "Pods/Target Support Files/Pods-RedEye/Pods-RedEye.debug.xcconfig"; sourceTree = "<group>"; };
		7D0543F61DD7B9CF00AABC33 /* StudentAddress.swift */ = {isa = PBXFileReference; fileEncoding = 4; lastKnownFileType = sourcecode.swift; name = StudentAddress.swift; path = ../../../../../marie.Fonkou/Documents/Swift/RedEye/RedEye/StudentAddress.swift; sourceTree = "<group>"; };
		7D0543F81DD7FA6D00AABC33 /* SwitchLoginViewController.swift */ = {isa = PBXFileReference; fileEncoding = 4; lastKnownFileType = sourcecode.swift; name = SwitchLoginViewController.swift; path = ../../../../../marie.Fonkou/Documents/Swift/RedEye/RedEye/SwitchLoginViewController.swift; sourceTree = "<group>"; };
		7D07FF961DFFA60D003BCAEA /* RoleSelectionController.swift */ = {isa = PBXFileReference; fileEncoding = 4; lastKnownFileType = sourcecode.swift; name = RoleSelectionController.swift; path = ../../../../../marie.Fonkou/Documents/Swift/RedEye/RedEye/RoleSelectionController.swift; sourceTree = "<group>"; };
		7D07FF981DFFB8EC003BCAEA /* DriverLoginController.swift */ = {isa = PBXFileReference; fileEncoding = 4; lastKnownFileType = sourcecode.swift; name = DriverLoginController.swift; path = ../../../../../marie.Fonkou/Documents/Swift/RedEye/RedEye/DriverLoginController.swift; sourceTree = "<group>"; };
		7D07FF9A1DFFB910003BCAEA /* DriverProfileController.swift */ = {isa = PBXFileReference; fileEncoding = 4; lastKnownFileType = sourcecode.swift; name = DriverProfileController.swift; path = ../../../../../marie.Fonkou/Documents/Swift/RedEye/RedEye/DriverProfileController.swift; sourceTree = "<group>"; };
		7D07FF9C1DFFB930003BCAEA /* DriverScheduleController.swift */ = {isa = PBXFileReference; fileEncoding = 4; lastKnownFileType = sourcecode.swift; name = DriverScheduleController.swift; path = ../../../../../marie.Fonkou/Documents/Swift/RedEye/RedEye/DriverScheduleController.swift; sourceTree = "<group>"; };
		7D07FF9E1DFFF37D003BCAEA /* DriverScheduleCell.swift */ = {isa = PBXFileReference; fileEncoding = 4; lastKnownFileType = sourcecode.swift; name = DriverScheduleCell.swift; path = ../../../../../marie.Fonkou/Documents/Swift/RedEye/RedEye/DriverScheduleCell.swift; sourceTree = "<group>"; };
		7D154E0C1DD805F200A6AA45 /* SignUpController.swift */ = {isa = PBXFileReference; fileEncoding = 4; lastKnownFileType = sourcecode.swift; name = SignUpController.swift; path = ../../../../../marie.Fonkou/Documents/Swift/RedEye/RedEye/SignUpController.swift; sourceTree = "<group>"; };
		7D15B51D1DDE0F370082C1AD /* ScheduleCell.swift */ = {isa = PBXFileReference; fileEncoding = 4; lastKnownFileType = sourcecode.swift; name = ScheduleCell.swift; path = ../../../../../marie.Fonkou/Documents/Swift/RedEye/RedEye/ScheduleCell.swift; sourceTree = "<group>"; };
		7D47DE081E00CDA90093EC09 /* REBridgeHeader.h */ = {isa = PBXFileReference; lastKnownFileType = sourcecode.c.h; name = REBridgeHeader.h; path = ../../../../../marie.Fonkou/Documents/Swift/RedEye/RedEye/REBridgeHeader.h; sourceTree = "<group>"; };
		7D4BBAC21DB5CF7D00571C6A /* ProfileController.swift */ = {isa = PBXFileReference; fileEncoding = 4; lastKnownFileType = sourcecode.swift; name = ProfileController.swift; path = ../../../../../marie.Fonkou/Documents/Swift/RedEye/RedEye/ProfileController.swift; sourceTree = "<group>"; };
		7D4BBAC41DB6462000571C6A /* ScheduleController.swift */ = {isa = PBXFileReference; fileEncoding = 4; lastKnownFileType = sourcecode.swift; name = ScheduleController.swift; path = ../../../../../marie.Fonkou/Documents/Swift/RedEye/RedEye/ScheduleController.swift; sourceTree = "<group>"; };
		7D4BBAC61DB67C5E00571C6A /* StudentsListController.swift */ = {isa = PBXFileReference; fileEncoding = 4; lastKnownFileType = sourcecode.swift; name = StudentsListController.swift; path = ../../../../../marie.Fonkou/Documents/Swift/RedEye/RedEye/StudentsListController.swift; sourceTree = "<group>"; };
		7D55CF281DF49995007DE621 /* Reservation.swift */ = {isa = PBXFileReference; fileEncoding = 4; lastKnownFileType = sourcecode.swift; name = Reservation.swift; path = ../../../../../marie.Fonkou/Documents/Swift/RedEye/RedEye/Reservation.swift; sourceTree = "<group>"; };
		7D55D87C1DE7E927005D84B5 /* Schedule.swift */ = {isa = PBXFileReference; fileEncoding = 4; lastKnownFileType = sourcecode.swift; name = Schedule.swift; path = ../../../../../marie.Fonkou/Documents/Swift/RedEye/RedEye/Schedule.swift; sourceTree = "<group>"; };
		7D55D87E1DE7EA0A005D84B5 /* Driver.swift */ = {isa = PBXFileReference; fileEncoding = 4; lastKnownFileType = sourcecode.swift; name = Driver.swift; path = ../../../../../marie.Fonkou/Documents/Swift/RedEye/RedEye/Driver.swift; sourceTree = "<group>"; };
		7D6E284E1DDA99620094A024 /* UserInterface.swift */ = {isa = PBXFileReference; fileEncoding = 4; lastKnownFileType = sourcecode.swift; name = UserInterface.swift; path = ../../../../../marie.Fonkou/Documents/Swift/RedEye/RedEye/UserInterface.swift; sourceTree = "<group>"; };
		7D83656A1DDAB8AA00D64E1A /* Enum.swift */ = {isa = PBXFileReference; fileEncoding = 4; lastKnownFileType = sourcecode.swift; name = Enum.swift; path = ../../../../../marie.Fonkou/Documents/Swift/RedEye/RedEye/Enum.swift; sourceTree = "<group>"; };
		7D8B81DC1DDE1B8200C47D78 /* StudentCell.swift */ = {isa = PBXFileReference; fileEncoding = 4; lastKnownFileType = sourcecode.swift; name = StudentCell.swift; path = ../../../../../marie.Fonkou/Documents/Swift/RedEye/RedEye/StudentCell.swift; sourceTree = "<group>"; };
		7D9541A71DD8028000489BFE /* NortheasternLogo.jpg */ = {isa = PBXFileReference; lastKnownFileType = image.jpeg; name = NortheasternLogo.jpg; path = ../../../../../marie.Fonkou/Desktop/NortheasternLogo.jpg; sourceTree = "<group>"; };
		7D9E9FA21DD81CBF00306088 /* CustomUI.swift */ = {isa = PBXFileReference; fileEncoding = 4; lastKnownFileType = sourcecode.swift; name = CustomUI.swift; path = ../../../../../marie.Fonkou/Documents/Swift/RedEye/RedEye/CustomUI.swift; sourceTree = "<group>"; };
		7DA0EB5D1DB5BA87008BAEF8 /* Contants.swift */ = {isa = PBXFileReference; fileEncoding = 4; lastKnownFileType = sourcecode.swift; name = Contants.swift; path = ../../../../../marie.Fonkou/Documents/Swift/RedEye/RedEye/Contants.swift; sourceTree = "<group>"; };
		7DA0EB5F1DB5C99E008BAEF8 /* RedEye.entitlements */ = {isa = PBXFileReference; lastKnownFileType = text.plist.entitlements; path = RedEye.entitlements; sourceTree = "<group>"; };
		7DC72F951DDE3CB900326B00 /* Extensions.swift */ = {isa = PBXFileReference; fileEncoding = 4; lastKnownFileType = sourcecode.swift; name = Extensions.swift; path = ../../../../../marie.Fonkou/Documents/Swift/RedEye/RedEye/Extensions.swift; sourceTree = "<group>"; };
		7DC7B3941DE750260065B91F /* ItineraryController.swift */ = {isa = PBXFileReference; fileEncoding = 4; lastKnownFileType = sourcecode.swift; name = ItineraryController.swift; path = ../../../../../marie.Fonkou/Documents/Swift/RedEye/RedEye/ItineraryController.swift; sourceTree = "<group>"; };
		7DF7DE381DB59CC00083AC91 /* RedEye.app */ = {isa = PBXFileReference; explicitFileType = wrapper.application; includeInIndex = 0; path = RedEye.app; sourceTree = BUILT_PRODUCTS_DIR; };
		7DF7DE3B1DB59CC00083AC91 /* AppDelegate.swift */ = {isa = PBXFileReference; lastKnownFileType = sourcecode.swift; path = AppDelegate.swift; sourceTree = "<group>"; };
		7DF7DE3D1DB59CC00083AC91 /* LoginController.swift */ = {isa = PBXFileReference; lastKnownFileType = sourcecode.swift; path = LoginController.swift; sourceTree = "<group>"; };
		7DF7DE401DB59CC00083AC91 /* Base */ = {isa = PBXFileReference; lastKnownFileType = file.storyboard; name = Base; path = Base.lproj/Main.storyboard; sourceTree = "<group>"; };
		7DF7DE421DB59CC00083AC91 /* Assets.xcassets */ = {isa = PBXFileReference; lastKnownFileType = folder.assetcatalog; path = Assets.xcassets; sourceTree = "<group>"; };
		7DF7DE451DB59CC00083AC91 /* Base */ = {isa = PBXFileReference; lastKnownFileType = file.storyboard; name = Base; path = Base.lproj/LaunchScreen.storyboard; sourceTree = "<group>"; };
		7DF7DE471DB59CC00083AC91 /* Info.plist */ = {isa = PBXFileReference; lastKnownFileType = text.plist.xml; path = Info.plist; sourceTree = "<group>"; };
		7DF7DE501DB59D3D0083AC91 /* Student.swift */ = {isa = PBXFileReference; fileEncoding = 4; lastKnownFileType = sourcecode.swift; path = Student.swift; sourceTree = "<group>"; };
		7DF7DE521DB59F270083AC91 /* Shuttle.swift */ = {isa = PBXFileReference; fileEncoding = 4; lastKnownFileType = sourcecode.swift; path = Shuttle.swift; sourceTree = "<group>"; };
		7DF7DE541DB5A8CE0083AC91 /* GoogleService-Info.plist */ = {isa = PBXFileReference; fileEncoding = 4; lastKnownFileType = text.plist.xml; path = "GoogleService-Info.plist"; sourceTree = "<group>"; };
		CE8C6C291546492F99357A8C /* Pods_RedEye.framework */ = {isa = PBXFileReference; explicitFileType = wrapper.framework; includeInIndex = 0; path = Pods_RedEye.framework; sourceTree = BUILT_PRODUCTS_DIR; };
		E0FA5B66249EA6AECD30E35E /* Pods-RedEye.release.xcconfig */ = {isa = PBXFileReference; includeInIndex = 1; lastKnownFileType = text.xcconfig; name = "Pods-RedEye.release.xcconfig"; path = "Pods/Target Support Files/Pods-RedEye/Pods-RedEye.release.xcconfig"; sourceTree = "<group>"; };
/* End PBXFileReference section */

/* Begin PBXFrameworksBuildPhase section */
		7DF7DE351DB59CC00083AC91 /* Frameworks */ = {
			isa = PBXFrameworksBuildPhase;
			buildActionMask = 2147483647;
			files = (
				F7AADE9C951E673F7D0A073A /* Pods_RedEye.framework in Frameworks */,
			);
			runOnlyForDeploymentPostprocessing = 0;
		};
/* End PBXFrameworksBuildPhase section */

/* Begin PBXGroup section */
		21B95A4D452B15C4FB715C4A /* Pods */ = {
			isa = PBXGroup;
			children = (
				62BAA6325116425D4047DC01 /* Pods-RedEye.debug.xcconfig */,
				E0FA5B66249EA6AECD30E35E /* Pods-RedEye.release.xcconfig */,
			);
			name = Pods;
			sourceTree = "<group>";
		};
		7D0543F51DD7B87600AABC33 /* View */ = {
			isa = PBXGroup;
			children = (
				7D15B51C1DDE0F170082C1AD /* Custom Cell */,
				7D9E9FA11DD81CA600306088 /* Design */,
			);
			name = View;
			sourceTree = "<group>";
		};
		7D15B51C1DDE0F170082C1AD /* Custom Cell */ = {
			isa = PBXGroup;
			children = (
				7D15B51D1DDE0F370082C1AD /* ScheduleCell.swift */,
				7D8B81DC1DDE1B8200C47D78 /* StudentCell.swift */,
				7D07FF9E1DFFF37D003BCAEA /* DriverScheduleCell.swift */,
			);
			name = "Custom Cell";
			sourceTree = "<group>";
		};
		7D9E9FA11DD81CA600306088 /* Design */ = {
			isa = PBXGroup;
			children = (
				7D9E9FA21DD81CBF00306088 /* CustomUI.swift */,
			);
			name = Design;
			sourceTree = "<group>";
		};
		7DA0EB5C1DB5BA70008BAEF8 /* Util */ = {
			isa = PBXGroup;
			children = (
				7DA0EB5D1DB5BA87008BAEF8 /* Contants.swift */,
				7D6E284E1DDA99620094A024 /* UserInterface.swift */,
				7D83656A1DDAB8AA00D64E1A /* Enum.swift */,
			);
			name = Util;
			sourceTree = "<group>";
		};
		7DC72F941DDE3C9A00326B00 /* Supporting Files */ = {
			isa = PBXGroup;
			children = (
				7DC72F951DDE3CB900326B00 /* Extensions.swift */,
			);
			name = "Supporting Files";
			sourceTree = "<group>";
		};
		7DF7DE2F1DB59CC00083AC91 = {
			isa = PBXGroup;
			children = (
				7DF7DE3A1DB59CC00083AC91 /* RedEye */,
				7DF7DE391DB59CC00083AC91 /* Products */,
				21B95A4D452B15C4FB715C4A /* Pods */,
				C34FC9E0902176E7775239B4 /* Frameworks */,
			);
			sourceTree = "<group>";
		};
		7DF7DE391DB59CC00083AC91 /* Products */ = {
			isa = PBXGroup;
			children = (
				7DF7DE381DB59CC00083AC91 /* RedEye.app */,
			);
			name = Products;
			sourceTree = "<group>";
		};
		7DF7DE3A1DB59CC00083AC91 /* RedEye */ = {
			isa = PBXGroup;
			children = (
				7DA0EB5F1DB5C99E008BAEF8 /* RedEye.entitlements */,
				7DC72F941DDE3C9A00326B00 /* Supporting Files */,
				7D0543F51DD7B87600AABC33 /* View */,
				7DA0EB5C1DB5BA70008BAEF8 /* Util */,
				7DF7DE4F1DB59D260083AC91 /* Controller */,
				7DF7DE4D1DB59D090083AC91 /* Model */,
				7DF7DE3B1DB59CC00083AC91 /* AppDelegate.swift */,
				7DF7DE3F1DB59CC00083AC91 /* Main.storyboard */,
				7DF7DE421DB59CC00083AC91 /* Assets.xcassets */,
				7D9541A71DD8028000489BFE /* NortheasternLogo.jpg */,
				7DF7DE441DB59CC00083AC91 /* LaunchScreen.storyboard */,
				7DF7DE471DB59CC00083AC91 /* Info.plist */,
				7DF7DE541DB5A8CE0083AC91 /* GoogleService-Info.plist */,
			);
			path = RedEye;
			sourceTree = "<group>";
		};
		7DF7DE4D1DB59D090083AC91 /* Model */ = {
			isa = PBXGroup;
			children = (
				7D47DE081E00CDA90093EC09 /* REBridgeHeader.h */,
				7DF7DE501DB59D3D0083AC91 /* Student.swift */,
				7DF7DE521DB59F270083AC91 /* Shuttle.swift */,
				7D0543F61DD7B9CF00AABC33 /* StudentAddress.swift */,
				7D55D87C1DE7E927005D84B5 /* Schedule.swift */,
				7D55D87E1DE7EA0A005D84B5 /* Driver.swift */,
				7D55CF281DF49995007DE621 /* Reservation.swift */,
			);
			name = Model;
			sourceTree = "<group>";
		};
		7DF7DE4F1DB59D260083AC91 /* Controller */ = {
			isa = PBXGroup;
			children = (
				7DF7DE3D1DB59CC00083AC91 /* LoginController.swift */,
				7D4BBAC21DB5CF7D00571C6A /* ProfileController.swift */,
				7D4BBAC41DB6462000571C6A /* ScheduleController.swift */,
				7D4BBAC61DB67C5E00571C6A /* StudentsListController.swift */,
				7D0543F81DD7FA6D00AABC33 /* SwitchLoginViewController.swift */,
				7D154E0C1DD805F200A6AA45 /* SignUpController.swift */,
				7DC7B3941DE750260065B91F /* ItineraryController.swift */,
				7D07FF961DFFA60D003BCAEA /* RoleSelectionController.swift */,
				7D07FF981DFFB8EC003BCAEA /* DriverLoginController.swift */,
				7D07FF9A1DFFB910003BCAEA /* DriverProfileController.swift */,
				7D07FF9C1DFFB930003BCAEA /* DriverScheduleController.swift */,
			);
			name = Controller;
			sourceTree = "<group>";
		};
		C34FC9E0902176E7775239B4 /* Frameworks */ = {
			isa = PBXGroup;
			children = (
				CE8C6C291546492F99357A8C /* Pods_RedEye.framework */,
			);
			name = Frameworks;
			sourceTree = "<group>";
		};
/* End PBXGroup section */

/* Begin PBXNativeTarget section */
		7DF7DE371DB59CC00083AC91 /* RedEye */ = {
			isa = PBXNativeTarget;
			buildConfigurationList = 7DF7DE4A1DB59CC00083AC91 /* Build configuration list for PBXNativeTarget "RedEye" */;
			buildPhases = (
				AF566BA703563F4F49E892CE /* [CP] Check Pods Manifest.lock */,
				7DF7DE341DB59CC00083AC91 /* Sources */,
				7DF7DE351DB59CC00083AC91 /* Frameworks */,
				7DF7DE361DB59CC00083AC91 /* Resources */,
				58D104D4B46C721DCF203853 /* [CP] Embed Pods Frameworks */,
				2022C0A9AC629CB087790CD5 /* [CP] Copy Pods Resources */,
			);
			buildRules = (
			);
			dependencies = (
			);
			name = RedEye;
			productName = RedEye;
			productReference = 7DF7DE381DB59CC00083AC91 /* RedEye.app */;
			productType = "com.apple.product-type.application";
		};
/* End PBXNativeTarget section */

/* Begin PBXProject section */
		7DF7DE301DB59CC00083AC91 /* Project object */ = {
			isa = PBXProject;
			attributes = {
				LastSwiftUpdateCheck = 0800;
				LastUpgradeCheck = 0800;
				ORGANIZATIONNAME = "Marie Fonkou";
				TargetAttributes = {
					7DF7DE371DB59CC00083AC91 = {
						CreatedOnToolsVersion = 8.0;
						DevelopmentTeam = X554HSC799;
						LastSwiftMigration = 0800;
						ProvisioningStyle = Automatic;
						SystemCapabilities = {
							com.apple.Keychain = {
								enabled = 1;
							};
						};
					};
				};
			};
			buildConfigurationList = 7DF7DE331DB59CC00083AC91 /* Build configuration list for PBXProject "RedEye" */;
			compatibilityVersion = "Xcode 3.2";
			developmentRegion = English;
			hasScannedForEncodings = 0;
			knownRegions = (
				en,
				Base,
			);
			mainGroup = 7DF7DE2F1DB59CC00083AC91;
			productRefGroup = 7DF7DE391DB59CC00083AC91 /* Products */;
			projectDirPath = "";
			projectRoot = "";
			targets = (
				7DF7DE371DB59CC00083AC91 /* RedEye */,
			);
		};
/* End PBXProject section */

/* Begin PBXResourcesBuildPhase section */
		7DF7DE361DB59CC00083AC91 /* Resources */ = {
			isa = PBXResourcesBuildPhase;
			buildActionMask = 2147483647;
			files = (
				7DF7DE461DB59CC00083AC91 /* LaunchScreen.storyboard in Resources */,
				7D9541A81DD8028000489BFE /* NortheasternLogo.jpg in Resources */,
				7DF7DE431DB59CC00083AC91 /* Assets.xcassets in Resources */,
				7DF7DE411DB59CC00083AC91 /* Main.storyboard in Resources */,
				7DF7DE551DB5A8CE0083AC91 /* GoogleService-Info.plist in Resources */,
			);
			runOnlyForDeploymentPostprocessing = 0;
		};
/* End PBXResourcesBuildPhase section */

/* Begin PBXShellScriptBuildPhase section */
		2022C0A9AC629CB087790CD5 /* [CP] Copy Pods Resources */ = {
			isa = PBXShellScriptBuildPhase;
			buildActionMask = 2147483647;
			files = (
			);
			inputPaths = (
			);
			name = "[CP] Copy Pods Resources";
			outputPaths = (
			);
			runOnlyForDeploymentPostprocessing = 0;
			shellPath = /bin/sh;
			shellScript = "\"${SRCROOT}/Pods/Target Support Files/Pods-RedEye/Pods-RedEye-resources.sh\"\n";
			showEnvVarsInLog = 0;
		};
		58D104D4B46C721DCF203853 /* [CP] Embed Pods Frameworks */ = {
			isa = PBXShellScriptBuildPhase;
			buildActionMask = 2147483647;
			files = (
			);
			inputPaths = (
			);
			name = "[CP] Embed Pods Frameworks";
			outputPaths = (
			);
			runOnlyForDeploymentPostprocessing = 0;
			shellPath = /bin/sh;
			shellScript = "\"${SRCROOT}/Pods/Target Support Files/Pods-RedEye/Pods-RedEye-frameworks.sh\"\n";
			showEnvVarsInLog = 0;
		};
		AF566BA703563F4F49E892CE /* [CP] Check Pods Manifest.lock */ = {
			isa = PBXShellScriptBuildPhase;
			buildActionMask = 2147483647;
			files = (
			);
			inputPaths = (
			);
			name = "[CP] Check Pods Manifest.lock";
			outputPaths = (
			);
			runOnlyForDeploymentPostprocessing = 0;
			shellPath = /bin/sh;
			shellScript = "diff \"${PODS_ROOT}/../Podfile.lock\" \"${PODS_ROOT}/Manifest.lock\" > /dev/null\nif [ $? != 0 ] ; then\n    # print error to STDERR\n    echo \"error: The sandbox is not in sync with the Podfile.lock. Run 'pod install' or update your CocoaPods installation.\" >&2\n    exit 1\nfi\n";
			showEnvVarsInLog = 0;
		};
/* End PBXShellScriptBuildPhase section */

/* Begin PBXSourcesBuildPhase section */
		7DF7DE341DB59CC00083AC91 /* Sources */ = {
			isa = PBXSourcesBuildPhase;
			buildActionMask = 2147483647;
			files = (
				7D07FF971DFFA60D003BCAEA /* RoleSelectionController.swift in Sources */,
				7D0543F71DD7B9CF00AABC33 /* StudentAddress.swift in Sources */,
				7D07FF9D1DFFB930003BCAEA /* DriverScheduleController.swift in Sources */,
				7D4BBAC31DB5CF7D00571C6A /* ProfileController.swift in Sources */,
				7D4BBAC71DB67C5E00571C6A /* StudentsListController.swift in Sources */,
				7D8B81DD1DDE1B8200C47D78 /* StudentCell.swift in Sources */,
				7D07FF9F1DFFF37D003BCAEA /* DriverScheduleCell.swift in Sources */,
				7D9E9FA31DD81CBF00306088 /* CustomUI.swift in Sources */,
				7D55CF291DF49995007DE621 /* Reservation.swift in Sources */,
				7D15B51E1DDE0F370082C1AD /* ScheduleCell.swift in Sources */,
				7D83656B1DDAB8AA00D64E1A /* Enum.swift in Sources */,
				7D07FF9B1DFFB910003BCAEA /* DriverProfileController.swift in Sources */,
				7DC7B3951DE750260065B91F /* ItineraryController.swift in Sources */,
				7DF7DE3E1DB59CC00083AC91 /* LoginController.swift in Sources */,
				7DF7DE531DB59F270083AC91 /* Shuttle.swift in Sources */,
				7D6E284F1DDA99620094A024 /* UserInterface.swift in Sources */,
				7DA0EB5E1DB5BA87008BAEF8 /* Contants.swift in Sources */,
				7D0543F91DD7FA6D00AABC33 /* SwitchLoginViewController.swift in Sources */,
				7D4BBAC51DB6462000571C6A /* ScheduleController.swift in Sources */,
				7DF7DE511DB59D3D0083AC91 /* Student.swift in Sources */,
				7D55D87F1DE7EA0A005D84B5 /* Driver.swift in Sources */,
				7DC72F961DDE3CB900326B00 /* Extensions.swift in Sources */,
				7D07FF991DFFB8EC003BCAEA /* DriverLoginController.swift in Sources */,
				7D55D87D1DE7E927005D84B5 /* Schedule.swift in Sources */,
				7D154E0D1DD805F200A6AA45 /* SignUpController.swift in Sources */,
				7DF7DE3C1DB59CC00083AC91 /* AppDelegate.swift in Sources */,
			);
			runOnlyForDeploymentPostprocessing = 0;
		};
/* End PBXSourcesBuildPhase section */

/* Begin PBXVariantGroup section */
		7DF7DE3F1DB59CC00083AC91 /* Main.storyboard */ = {
			isa = PBXVariantGroup;
			children = (
				7DF7DE401DB59CC00083AC91 /* Base */,
			);
			name = Main.storyboard;
			sourceTree = "<group>";
		};
		7DF7DE441DB59CC00083AC91 /* LaunchScreen.storyboard */ = {
			isa = PBXVariantGroup;
			children = (
				7DF7DE451DB59CC00083AC91 /* Base */,
			);
			name = LaunchScreen.storyboard;
			sourceTree = "<group>";
		};
/* End PBXVariantGroup section */

/* Begin XCBuildConfiguration section */
		7DF7DE481DB59CC00083AC91 /* Debug */ = {
			isa = XCBuildConfiguration;
			buildSettings = {
				ALWAYS_SEARCH_USER_PATHS = NO;
				CLANG_ANALYZER_NONNULL = YES;
				CLANG_CXX_LANGUAGE_STANDARD = "gnu++0x";
				CLANG_CXX_LIBRARY = "libc++";
				CLANG_ENABLE_MODULES = YES;
				CLANG_ENABLE_OBJC_ARC = YES;
				CLANG_WARN_BOOL_CONVERSION = YES;
				CLANG_WARN_CONSTANT_CONVERSION = YES;
				CLANG_WARN_DIRECT_OBJC_ISA_USAGE = YES_ERROR;
				CLANG_WARN_DOCUMENTATION_COMMENTS = YES;
				CLANG_WARN_EMPTY_BODY = YES;
				CLANG_WARN_ENUM_CONVERSION = YES;
				CLANG_WARN_INFINITE_RECURSION = YES;
				CLANG_WARN_INT_CONVERSION = YES;
				CLANG_WARN_OBJC_ROOT_CLASS = YES_ERROR;
				CLANG_WARN_SUSPICIOUS_MOVE = YES;
				CLANG_WARN_SUSPICIOUS_MOVES = YES;
				CLANG_WARN_UNREACHABLE_CODE = YES;
				CLANG_WARN__DUPLICATE_METHOD_MATCH = YES;
				"CODE_SIGN_IDENTITY[sdk=iphoneos*]" = "iPhone Developer";
				COPY_PHASE_STRIP = NO;
				DEBUG_INFORMATION_FORMAT = dwarf;
				ENABLE_STRICT_OBJC_MSGSEND = YES;
				ENABLE_TESTABILITY = YES;
				GCC_C_LANGUAGE_STANDARD = gnu99;
				GCC_DYNAMIC_NO_PIC = NO;
				GCC_NO_COMMON_BLOCKS = YES;
				GCC_OPTIMIZATION_LEVEL = 0;
				GCC_PREPROCESSOR_DEFINITIONS = (
					"DEBUG=1",
					"$(inherited)",
				);
				GCC_WARN_64_TO_32_BIT_CONVERSION = YES;
				GCC_WARN_ABOUT_RETURN_TYPE = YES_ERROR;
				GCC_WARN_UNDECLARED_SELECTOR = YES;
				GCC_WARN_UNINITIALIZED_AUTOS = YES_AGGRESSIVE;
				GCC_WARN_UNUSED_FUNCTION = YES;
				GCC_WARN_UNUSED_VARIABLE = YES;
				IPHONEOS_DEPLOYMENT_TARGET = 10.0;
				MTL_ENABLE_DEBUG_INFO = YES;
				ONLY_ACTIVE_ARCH = YES;
				SDKROOT = iphoneos;
				SWIFT_ACTIVE_COMPILATION_CONDITIONS = DEBUG;
				SWIFT_OBJC_BRIDGING_HEADER = "$(SRCROOT)/RedEye/REBridgeHeader.h";
				SWIFT_OPTIMIZATION_LEVEL = "-Onone";
				TARGETED_DEVICE_FAMILY = "1,2";
			};
			name = Debug;
		};
		7DF7DE491DB59CC00083AC91 /* Release */ = {
			isa = XCBuildConfiguration;
			buildSettings = {
				ALWAYS_SEARCH_USER_PATHS = NO;
				CLANG_ANALYZER_NONNULL = YES;
				CLANG_CXX_LANGUAGE_STANDARD = "gnu++0x";
				CLANG_CXX_LIBRARY = "libc++";
				CLANG_ENABLE_MODULES = YES;
				CLANG_ENABLE_OBJC_ARC = YES;
				CLANG_WARN_BOOL_CONVERSION = YES;
				CLANG_WARN_CONSTANT_CONVERSION = YES;
				CLANG_WARN_DIRECT_OBJC_ISA_USAGE = YES_ERROR;
				CLANG_WARN_DOCUMENTATION_COMMENTS = YES;
				CLANG_WARN_EMPTY_BODY = YES;
				CLANG_WARN_ENUM_CONVERSION = YES;
				CLANG_WARN_INFINITE_RECURSION = YES;
				CLANG_WARN_INT_CONVERSION = YES;
				CLANG_WARN_OBJC_ROOT_CLASS = YES_ERROR;
				CLANG_WARN_SUSPICIOUS_MOVE = YES;
				CLANG_WARN_SUSPICIOUS_MOVES = YES;
				CLANG_WARN_UNREACHABLE_CODE = YES;
				CLANG_WARN__DUPLICATE_METHOD_MATCH = YES;
				"CODE_SIGN_IDENTITY[sdk=iphoneos*]" = "iPhone Developer";
				COPY_PHASE_STRIP = NO;
				DEBUG_INFORMATION_FORMAT = "dwarf-with-dsym";
				ENABLE_NS_ASSERTIONS = NO;
				ENABLE_STRICT_OBJC_MSGSEND = YES;
				GCC_C_LANGUAGE_STANDARD = gnu99;
				GCC_NO_COMMON_BLOCKS = YES;
				GCC_WARN_64_TO_32_BIT_CONVERSION = YES;
				GCC_WARN_ABOUT_RETURN_TYPE = YES_ERROR;
				GCC_WARN_UNDECLARED_SELECTOR = YES;
				GCC_WARN_UNINITIALIZED_AUTOS = YES_AGGRESSIVE;
				GCC_WARN_UNUSED_FUNCTION = YES;
				GCC_WARN_UNUSED_VARIABLE = YES;
				IPHONEOS_DEPLOYMENT_TARGET = 10.0;
				MTL_ENABLE_DEBUG_INFO = NO;
				SDKROOT = iphoneos;
				SWIFT_OBJC_BRIDGING_HEADER = "$(SRCROOT)/RedEye/REBridgeHeader.h";
				SWIFT_OPTIMIZATION_LEVEL = "-Owholemodule";
				TARGETED_DEVICE_FAMILY = "1,2";
				VALIDATE_PRODUCT = YES;
			};
			name = Release;
		};
		7DF7DE4B1DB59CC00083AC91 /* Debug */ = {
			isa = XCBuildConfiguration;
			baseConfigurationReference = 62BAA6325116425D4047DC01 /* Pods-RedEye.debug.xcconfig */;
			buildSettings = {
				ASSETCATALOG_COMPILER_APPICON_NAME = AppIcon;
				CODE_SIGN_ENTITLEMENTS = RedEye/RedEye.entitlements;
				DEVELOPMENT_TEAM = X554HSC799;
				INFOPLIST_FILE = RedEye/Info.plist;
				LD_RUNPATH_SEARCH_PATHS = "$(inherited) @executable_path/Frameworks";
				PRODUCT_BUNDLE_IDENTIFIER = Marie.RedEye;
				PRODUCT_NAME = "$(TARGET_NAME)";
				SWIFT_OBJC_BRIDGING_HEADER = "$(SRCROOT)/RedEye/REBridgeHeader.h";
				SWIFT_VERSION = 3.0;
			};
			name = Debug;
		};
		7DF7DE4C1DB59CC00083AC91 /* Release */ = {
			isa = XCBuildConfiguration;
			baseConfigurationReference = E0FA5B66249EA6AECD30E35E /* Pods-RedEye.release.xcconfig */;
			buildSettings = {
				ASSETCATALOG_COMPILER_APPICON_NAME = AppIcon;
				CODE_SIGN_ENTITLEMENTS = RedEye/RedEye.entitlements;
				DEVELOPMENT_TEAM = X554HSC799;
				INFOPLIST_FILE = RedEye/Info.plist;
				LD_RUNPATH_SEARCH_PATHS = "$(inherited) @executable_path/Frameworks";
				PRODUCT_BUNDLE_IDENTIFIER = Marie.RedEye;
				PRODUCT_NAME = "$(TARGET_NAME)";
				SWIFT_OBJC_BRIDGING_HEADER = "$(SRCROOT)/RedEye/REBridgeHeader.h";
				SWIFT_VERSION = 3.0;
			};
			name = Release;
		};
/* End XCBuildConfiguration section */

/* Begin XCConfigurationList section */
		7DF7DE331DB59CC00083AC91 /* Build configuration list for PBXProject "RedEye" */ = {
			isa = XCConfigurationList;
			buildConfigurations = (
				7DF7DE481DB59CC00083AC91 /* Debug */,
				7DF7DE491DB59CC00083AC91 /* Release */,
			);
			defaultConfigurationIsVisible = 0;
			defaultConfigurationName = Release;
		};
		7DF7DE4A1DB59CC00083AC91 /* Build configuration list for PBXNativeTarget "RedEye" */ = {
			isa = XCConfigurationList;
			buildConfigurations = (
				7DF7DE4B1DB59CC00083AC91 /* Debug */,
				7DF7DE4C1DB59CC00083AC91 /* Release */,
			);
			defaultConfigurationIsVisible = 0;
			defaultConfigurationName = Release;
		};
/* End XCConfigurationList section */
	};
	rootObject = 7DF7DE301DB59CC00083AC91 /* Project object */;
}
